// !$*UTF8*$!
{
	archiveVersion = 1;
	classes = {
	};
	objectVersion = 50;
	objects = {

/* Begin PBXBuildFile section */
		4D26E44A209646FA00B38DFD /* AppDelegate.swift in Sources */ = {isa = PBXBuildFile; fileRef = 4D26E449209646FA00B38DFD /* AppDelegate.swift */; };
		4D26E44E209646FA00B38DFD /* GameViewController.swift in Sources */ = {isa = PBXBuildFile; fileRef = 4D26E44D209646FA00B38DFD /* GameViewController.swift */; };
		4D26E451209646FA00B38DFD /* Main.storyboard in Resources */ = {isa = PBXBuildFile; fileRef = 4D26E44F209646FA00B38DFD /* Main.storyboard */; };
		4D26E453209646FC00B38DFD /* Assets.xcassets in Resources */ = {isa = PBXBuildFile; fileRef = 4D26E452209646FC00B38DFD /* Assets.xcassets */; };
		4D26E456209646FC00B38DFD /* LaunchScreen.storyboard in Resources */ = {isa = PBXBuildFile; fileRef = 4D26E454209646FC00B38DFD /* LaunchScreen.storyboard */; };
		4D26E45E2096477400B38DFD /* MainScene.scn in Resources */ = {isa = PBXBuildFile; fileRef = 4D26E45D2096477400B38DFD /* MainScene.scn */; };
		4D26E46020964AEF00B38DFD /* Rope.swift in Sources */ = {isa = PBXBuildFile; fileRef = 4D26E45F20964AEF00B38DFD /* Rope.swift */; };
		647071942099F8AC00AB8B1E /* soccer ball.jpg in Resources */ = {isa = PBXBuildFile; fileRef = 647071932099F8AC00AB8B1E /* soccer ball.jpg */; };
/* End PBXBuildFile section */

/* Begin PBXFileReference section */
		4D26E446209646FA00B38DFD /* Rope.app */ = {isa = PBXFileReference; explicitFileType = wrapper.application; includeInIndex = 0; path = Rope.app; sourceTree = BUILT_PRODUCTS_DIR; };
		4D26E449209646FA00B38DFD /* AppDelegate.swift */ = {isa = PBXFileReference; lastKnownFileType = sourcecode.swift; path = AppDelegate.swift; sourceTree = "<group>"; };
		4D26E44D209646FA00B38DFD /* GameViewController.swift */ = {isa = PBXFileReference; lastKnownFileType = sourcecode.swift; path = GameViewController.swift; sourceTree = "<group>"; };
		4D26E450209646FA00B38DFD /* Base */ = {isa = PBXFileReference; lastKnownFileType = file.storyboard; name = Base; path = Base.lproj/Main.storyboard; sourceTree = "<group>"; };
		4D26E452209646FC00B38DFD /* Assets.xcassets */ = {isa = PBXFileReference; lastKnownFileType = folder.assetcatalog; path = Assets.xcassets; sourceTree = "<group>"; };
		4D26E455209646FC00B38DFD /* Base */ = {isa = PBXFileReference; lastKnownFileType = file.storyboard; name = Base; path = Base.lproj/LaunchScreen.storyboard; sourceTree = "<group>"; };
		4D26E457209646FC00B38DFD /* Info.plist */ = {isa = PBXFileReference; lastKnownFileType = text.plist.xml; path = Info.plist; sourceTree = "<group>"; };
		4D26E45D2096477400B38DFD /* MainScene.scn */ = {isa = PBXFileReference; lastKnownFileType = file.bplist; path = MainScene.scn; sourceTree = "<group>"; };
		4D26E45F20964AEF00B38DFD /* Rope.swift */ = {isa = PBXFileReference; lastKnownFileType = sourcecode.swift; path = Rope.swift; sourceTree = "<group>"; };
		647071932099F8AC00AB8B1E /* soccer ball.jpg */ = {isa = PBXFileReference; lastKnownFileType = image.jpeg; path = "soccer ball.jpg"; sourceTree = "<group>"; };
/* End PBXFileReference section */

/* Begin PBXFrameworksBuildPhase section */
		4D26E443209646FA00B38DFD /* Frameworks */ = {
			isa = PBXFrameworksBuildPhase;
			buildActionMask = 2147483647;
			files = (
			);
			runOnlyForDeploymentPostprocessing = 0;
		};
/* End PBXFrameworksBuildPhase section */

/* Begin PBXGroup section */
		4D26E43D209646FA00B38DFD = {
			isa = PBXGroup;
			children = (
				4D26E448209646FA00B38DFD /* Rope */,
				4D26E447209646FA00B38DFD /* Products */,
			);
			sourceTree = "<group>";
		};
		4D26E447209646FA00B38DFD /* Products */ = {
			isa = PBXGroup;
			children = (
				4D26E446209646FA00B38DFD /* Rope.app */,
			);
			name = Products;
			sourceTree = "<group>";
		};
		4D26E448209646FA00B38DFD /* Rope */ = {
			isa = PBXGroup;
			children = (
				4D26E45D2096477400B38DFD /* MainScene.scn */,
				4D26E449209646FA00B38DFD /* AppDelegate.swift */,
				4D26E44D209646FA00B38DFD /* GameViewController.swift */,
				4D26E45F20964AEF00B38DFD /* Rope.swift */,
				4D26E44F209646FA00B38DFD /* Main.storyboard */,
				4D26E452209646FC00B38DFD /* Assets.xcassets */,
				4D26E454209646FC00B38DFD /* LaunchScreen.storyboard */,
				4D26E457209646FC00B38DFD /* Info.plist */,
				647071932099F8AC00AB8B1E /* soccer ball.jpg */,
			);
			path = Rope;
			sourceTree = "<group>";
		};
/* End PBXGroup section */

/* Begin PBXNativeTarget section */
		4D26E445209646FA00B38DFD /* Rope */ = {
			isa = PBXNativeTarget;
			buildConfigurationList = 4D26E45A209646FC00B38DFD /* Build configuration list for PBXNativeTarget "Rope" */;
			buildPhases = (
				4D26E442209646FA00B38DFD /* Sources */,
				4D26E443209646FA00B38DFD /* Frameworks */,
				4D26E444209646FA00B38DFD /* Resources */,
			);
			buildRules = (
			);
			dependencies = (
			);
			name = Rope;
			productName = Rope;
			productReference = 4D26E446209646FA00B38DFD /* Rope.app */;
			productType = "com.apple.product-type.application";
		};
/* End PBXNativeTarget section */

/* Begin PBXProject section */
		4D26E43E209646FA00B38DFD /* Project object */ = {
			isa = PBXProject;
			attributes = {
				LastSwiftUpdateCheck = 0930;
				LastUpgradeCheck = 0930;
				ORGANIZATIONNAME = "Vlad Naimark";
				TargetAttributes = {
					4D26E445209646FA00B38DFD = {
						CreatedOnToolsVersion = 9.3;
					};
				};
			};
			buildConfigurationList = 4D26E441209646FA00B38DFD /* Build configuration list for PBXProject "Rope" */;
			compatibilityVersion = "Xcode 9.3";
			developmentRegion = en;
			hasScannedForEncodings = 0;
			knownRegions = (
				en,
				Base,
			);
			mainGroup = 4D26E43D209646FA00B38DFD;
			productRefGroup = 4D26E447209646FA00B38DFD /* Products */;
			projectDirPath = "";
			projectRoot = "";
			targets = (
				4D26E445209646FA00B38DFD /* Rope */,
			);
		};
/* End PBXProject section */

/* Begin PBXResourcesBuildPhase section */
		4D26E444209646FA00B38DFD /* Resources */ = {
			isa = PBXResourcesBuildPhase;
			buildActionMask = 2147483647;
			files = (
				4D26E456209646FC00B38DFD /* LaunchScreen.storyboard in Resources */,
				4D26E453209646FC00B38DFD /* Assets.xcassets in Resources */,
				4D26E451209646FA00B38DFD /* Main.storyboard in Resources */,
				4D26E45E2096477400B38DFD /* MainScene.scn in Resources */,
				647071942099F8AC00AB8B1E /* soccer ball.jpg in Resources */,
			);
			runOnlyForDeploymentPostprocessing = 0;
		};
/* End PBXResourcesBuildPhase section */

/* Begin PBXSourcesBuildPhase section */
		4D26E442209646FA00B38DFD /* Sources */ = {
			isa = PBXSourcesBuildPhase;
			buildActionMask = 2147483647;
			files = (
				4D26E44E209646FA00B38DFD /* GameViewController.swift in Sources */,
				4D26E44A209646FA00B38DFD /* AppDelegate.swift in Sources */,
				4D26E46020964AEF00B38DFD /* Rope.swift in Sources */,
			);
			runOnlyForDeploymentPostprocessing = 0;
		};
/* End PBXSourcesBuildPhase section */

/* Begin PBXVariantGroup section */
		4D26E44F209646FA00B38DFD /* Main.storyboard */ = {
			isa = PBXVariantGroup;
			children = (
				4D26E450209646FA00B38DFD /* Base */,
			);
			name = Main.storyboard;
			sourceTree = "<group>";
		};
		4D26E454209646FC00B38DFD /* LaunchScreen.storyboard */ = {
			isa = PBXVariantGroup;
			children = (
				4D26E455209646FC00B38DFD /* Base */,
			);
			name = LaunchScreen.storyboard;
			sourceTree = "<group>";
		};
/* End PBXVariantGroup section */

/* Begin XCBuildConfiguration section */
		4D26E458209646FC00B38DFD /* Debug */ = {
			isa = XCBuildConfiguration;
			buildSettings = {
				ALWAYS_SEARCH_USER_PATHS = NO;
				CLANG_ANALYZER_NONNULL = YES;
				CLANG_ANALYZER_NUMBER_OBJECT_CONVERSION = YES_AGGRESSIVE;
				CLANG_CXX_LANGUAGE_STANDARD = "gnu++14";
				CLANG_CXX_LIBRARY = "libc++";
				CLANG_ENABLE_MODULES = YES;
				CLANG_ENABLE_OBJC_ARC = YES;
				CLANG_ENABLE_OBJC_WEAK = YES;
				CLANG_WARN_BLOCK_CAPTURE_AUTORELEASING = YES;
				CLANG_WARN_BOOL_CONVERSION = YES;
				CLANG_WARN_COMMA = YES;
				CLANG_WARN_CONSTANT_CONVERSION = YES;
				CLANG_WARN_DEPRECATED_OBJC_IMPLEMENTATIONS = YES;
				CLANG_WARN_DIRECT_OBJC_ISA_USAGE = YES_ERROR;
				CLANG_WARN_DOCUMENTATION_COMMENTS = YES;
				CLANG_WARN_EMPTY_BODY = YES;
				CLANG_WARN_ENUM_CONVERSION = YES;
				CLANG_WARN_INFINITE_RECURSION = YES;
				CLANG_WARN_INT_CONVERSION = YES;
				CLANG_WARN_NON_LITERAL_NULL_CONVERSION = YES;
				CLANG_WARN_OBJC_IMPLICIT_RETAIN_SELF = YES;
				CLANG_WARN_OBJC_LITERAL_CONVERSION = YES;
				CLANG_WARN_OBJC_ROOT_CLASS = YES_ERROR;
				CLANG_WARN_RANGE_LOOP_ANALYSIS = YES;
				CLANG_WARN_STRICT_PROTOTYPES = YES;
				CLANG_WARN_SUSPICIOUS_MOVE = YES;
				CLANG_WARN_UNGUARDED_AVAILABILITY = YES_AGGRESSIVE;
				CLANG_WARN_UNREACHABLE_CODE = YES;
				CLANG_WARN__DUPLICATE_METHOD_MATCH = YES;
				CODE_SIGN_IDENTITY = "iPhone Developer";
				COPY_PHASE_STRIP = NO;
				DEBUG_INFORMATION_FORMAT = dwarf;
				ENABLE_STRICT_OBJC_MSGSEND = YES;
				ENABLE_TESTABILITY = YES;
				GCC_C_LANGUAGE_STANDARD = gnu11;
				GCC_DYNAMIC_NO_PIC = NO;
				GCC_NO_COMMON_BLOCKS = YES;
				GCC_OPTIMIZATION_LEVEL = 0;
				GCC_PREPROCESSOR_DEFINITIONS = (
					"DEBUG=1",
					"$(inherited)",
				);
				GCC_WARN_64_TO_32_BIT_CONVERSION = YES;
				GCC_WARN_ABOUT_RETURN_TYPE = YES_ERROR;
				GCC_WARN_UNDECLARED_SELECTOR = YES;
				GCC_WARN_UNINITIALIZED_AUTOS = YES_AGGRESSIVE;
				GCC_WARN_UNUSED_FUNCTION = YES;
				GCC_WARN_UNUSED_VARIABLE = YES;
				IPHONEOS_DEPLOYMENT_TARGET = 11.3;
				MTL_ENABLE_DEBUG_INFO = YES;
				ONLY_ACTIVE_ARCH = YES;
				SDKROOT = iphoneos;
				SWIFT_ACTIVE_COMPILATION_CONDITIONS = DEBUG;
				SWIFT_OPTIMIZATION_LEVEL = "-Onone";
			};
			name = Debug;
		};
		4D26E459209646FC00B38DFD /* Release */ = {
			isa = XCBuildConfiguration;
			buildSettings = {
				ALWAYS_SEARCH_USER_PATHS = NO;
				CLANG_ANALYZER_NONNULL = YES;
				CLANG_ANALYZER_NUMBER_OBJECT_CONVERSION = YES_AGGRESSIVE;
				CLANG_CXX_LANGUAGE_STANDARD = "gnu++14";
				CLANG_CXX_LIBRARY = "libc++";
				CLANG_ENABLE_MODULES = YES;
				CLANG_ENABLE_OBJC_ARC = YES;
				CLANG_ENABLE_OBJC_WEAK = YES;
				CLANG_WARN_BLOCK_CAPTURE_AUTORELEASING = YES;
				CLANG_WARN_BOOL_CONVERSION = YES;
				CLANG_WARN_COMMA = YES;
				CLANG_WARN_CONSTANT_CONVERSION = YES;
				CLANG_WARN_DEPRECATED_OBJC_IMPLEMENTATIONS = YES;
				CLANG_WARN_DIRECT_OBJC_ISA_USAGE = YES_ERROR;
				CLANG_WARN_DOCUMENTATION_COMMENTS = YES;
				CLANG_WARN_EMPTY_BODY = YES;
				CLANG_WARN_ENUM_CONVERSION = YES;
				CLANG_WARN_INFINITE_RECURSION = YES;
				CLANG_WARN_INT_CONVERSION = YES;
				CLANG_WARN_NON_LITERAL_NULL_CONVERSION = YES;
				CLANG_WARN_OBJC_IMPLICIT_RETAIN_SELF = YES;
				CLANG_WARN_OBJC_LITERAL_CONVERSION = YES;
				CLANG_WARN_OBJC_ROOT_CLASS = YES_ERROR;
				CLANG_WARN_RANGE_LOOP_ANALYSIS = YES;
				CLANG_WARN_STRICT_PROTOTYPES = YES;
				CLANG_WARN_SUSPICIOUS_MOVE = YES;
				CLANG_WARN_UNGUARDED_AVAILABILITY = YES_AGGRESSIVE;
				CLANG_WARN_UNREACHABLE_CODE = YES;
				CLANG_WARN__DUPLICATE_METHOD_MATCH = YES;
				CODE_SIGN_IDENTITY = "iPhone Developer";
				COPY_PHASE_STRIP = NO;
				DEBUG_INFORMATION_FORMAT = "dwarf-with-dsym";
				ENABLE_NS_ASSERTIONS = NO;
				ENABLE_STRICT_OBJC_MSGSEND = YES;
				GCC_C_LANGUAGE_STANDARD = gnu11;
				GCC_NO_COMMON_BLOCKS = YES;
				GCC_WARN_64_TO_32_BIT_CONVERSION = YES;
				GCC_WARN_ABOUT_RETURN_TYPE = YES_ERROR;
				GCC_WARN_UNDECLARED_SELECTOR = YES;
				GCC_WARN_UNINITIALIZED_AUTOS = YES_AGGRESSIVE;
				GCC_WARN_UNUSED_FUNCTION = YES;
				GCC_WARN_UNUSED_VARIABLE = YES;
				IPHONEOS_DEPLOYMENT_TARGET = 11.3;
				MTL_ENABLE_DEBUG_INFO = NO;
				SDKROOT = iphoneos;
				SWIFT_COMPILATION_MODE = wholemodule;
				SWIFT_OPTIMIZATION_LEVEL = "-O";
				VALIDATE_PRODUCT = YES;
			};
			name = Release;
		};
		4D26E45B209646FC00B38DFD /* Debug */ = {
			isa = XCBuildConfiguration;
			buildSettings = {
				ASSETCATALOG_COMPILER_APPICON_NAME = AppIcon;
				CODE_SIGN_STYLE = Automatic;
				DEVELOPMENT_TEAM = 474MZ9CH4T;
				INFOPLIST_FILE = Rope/Info.plist;
				IPHONEOS_DEPLOYMENT_TARGET = 11.3;
				LD_RUNPATH_SEARCH_PATHS = (
					"$(inherited)",
					"@executable_path/Frameworks",
				);
				PRODUCT_BUNDLE_IDENTIFIER = com.rope.Rope;
				PRODUCT_NAME = "$(TARGET_NAME)";
				SWIFT_VERSION = 4.0;
				TARGETED_DEVICE_FAMILY = "1,2";
			};
			name = Debug;
		};
		4D26E45C209646FC00B38DFD /* Release */ = {
			isa = XCBuildConfiguration;
			buildSettings = {
				ASSETCATALOG_COMPILER_APPICON_NAME = AppIcon;
				CODE_SIGN_STYLE = Automatic;
				DEVELOPMENT_TEAM = 474MZ9CH4T;
				INFOPLIST_FILE = Rope/Info.plist;
				IPHONEOS_DEPLOYMENT_TARGET = 11.3;
				LD_RUNPATH_SEARCH_PATHS = (
					"$(inherited)",
					"@executable_path/Frameworks",
				);
				PRODUCT_BUNDLE_IDENTIFIER = com.rope.Rope;
				PRODUCT_NAME = "$(TARGET_NAME)";
				SWIFT_VERSION = 4.0;
				TARGETED_DEVICE_FAMILY = "1,2";
			};
			name = Release;
		};
/* End XCBuildConfiguration section */

/* Begin XCConfigurationList section */
		4D26E441209646FA00B38DFD /* Build configuration list for PBXProject "Rope" */ = {
			isa = XCConfigurationList;
			buildConfigurations = (
				4D26E458209646FC00B38DFD /* Debug */,
				4D26E459209646FC00B38DFD /* Release */,
			);
			defaultConfigurationIsVisible = 0;
			defaultConfigurationName = Release;
		};
		4D26E45A209646FC00B38DFD /* Build configuration list for PBXNativeTarget "Rope" */ = {
			isa = XCConfigurationList;
			buildConfigurations = (
				4D26E45B209646FC00B38DFD /* Debug */,
				4D26E45C209646FC00B38DFD /* Release */,
			);
			defaultConfigurationIsVisible = 0;
			defaultConfigurationName = Release;
		};
/* End XCConfigurationList section */
	};
	rootObject = 4D26E43E209646FA00B38DFD /* Project object */;
}
